
Microsoft Visual Studio Solution File, Format Version 12.00
# Visual Studio Version 17
VisualStudioVersion = 17.4.33205.214
MinimumVisualStudioVersion = 10.0.40219.1
Project("{2150E333-8FDC-42A3-9474-1A3956D46DE8}") = "common", "common", "{3DFE818B-166F-4497-8913-4546B552DBB8}"
EndProject
Project("{2150E333-8FDC-42A3-9474-1A3956D46DE8}") = "core", "core", "{A3267BA8-AACF-4B29-8EC4-52E4768CD4FA}"
EndProject
Project("{2150E333-8FDC-42A3-9474-1A3956D46DE8}") = "clients", "clients", "{6E541376-3A2A-4F26-AC0F-773474D12A22}"
EndProject
Project("{9A19103F-16F7-4668-BE54-9A1E7A4F7556}") = "Domain", "Domain\Domain.csproj", "{3527BEA2-E1EB-44AA-AE1D-8C5DF9CE75BE}"
EndProject
Project("{9A19103F-16F7-4668-BE54-9A1E7A4F7556}") = "Global.Common.Sources", "Global.Common.Sources\Global.Common.Sources.csproj", "{46C57C62-F32A-4A1A-8282-5565834D05FF}"
EndProject
Project("{9A19103F-16F7-4668-BE54-9A1E7A4F7556}") = "Shared.Common.Sources", "Shared.Common.Sources\Shared.Common.Sources.csproj", "{892FB36A-EDE1-4CE0-920A-D03D9BF9DBAC}"
EndProject
Project("{9A19103F-16F7-4668-BE54-9A1E7A4F7556}") = "Infrastructure", "Infrastructure\Infrastructure.csproj", "{1EDDE70D-0FCC-47C1-A307-3FB32F26A908}"
EndProject
Project("{9A19103F-16F7-4668-BE54-9A1E7A4F7556}") = "Application", "Application\Application.csproj", "{AB27581E-7E03-495C-AEEE-D1C12D349608}"
EndProject
Project("{FAE04EC0-301F-11D3-BF4B-00C04F79EFBC}") = "API", "API\API.csproj", "{9CA4A9DB-4D0C-4513-9E40-9B5150BC2E69}"
EndProject
Global
	GlobalSection(SolutionConfigurationPlatforms) = preSolution
		Debug|Any CPU = Debug|Any CPU
		Release|Any CPU = Release|Any CPU
	EndGlobalSection
	GlobalSection(ProjectConfigurationPlatforms) = postSolution
		{3527BEA2-E1EB-44AA-AE1D-8C5DF9CE75BE}.Debug|Any CPU.ActiveCfg = Debug|Any CPU
		{3527BEA2-E1EB-44AA-AE1D-8C5DF9CE75BE}.Debug|Any CPU.Build.0 = Debug|Any CPU
		{3527BEA2-E1EB-44AA-AE1D-8C5DF9CE75BE}.Release|Any CPU.ActiveCfg = Release|Any CPU
		{3527BEA2-E1EB-44AA-AE1D-8C5DF9CE75BE}.Release|Any CPU.Build.0 = Release|Any CPU
		{46C57C62-F32A-4A1A-8282-5565834D05FF}.Debug|Any CPU.ActiveCfg = Debug|Any CPU
		{46C57C62-F32A-4A1A-8282-5565834D05FF}.Debug|Any CPU.Build.0 = Debug|Any CPU
		{46C57C62-F32A-4A1A-8282-5565834D05FF}.Release|Any CPU.ActiveCfg = Release|Any CPU
		{46C57C62-F32A-4A1A-8282-5565834D05FF}.Release|Any CPU.Build.0 = Release|Any CPU
		{892FB36A-EDE1-4CE0-920A-D03D9BF9DBAC}.Debug|Any CPU.ActiveCfg = Debug|Any CPU
		{892FB36A-EDE1-4CE0-920A-D03D9BF9DBAC}.Debug|Any CPU.Build.0 = Debug|Any CPU
		{892FB36A-EDE1-4CE0-920A-D03D9BF9DBAC}.Release|Any CPU.ActiveCfg = Release|Any CPU
		{892FB36A-EDE1-4CE0-920A-D03D9BF9DBAC}.Release|Any CPU.Build.0 = Release|Any CPU
		{1EDDE70D-0FCC-47C1-A307-3FB32F26A908}.Debug|Any CPU.ActiveCfg = Debug|Any CPU
		{1EDDE70D-0FCC-47C1-A307-3FB32F26A908}.Debug|Any CPU.Build.0 = Debug|Any CPU
		{1EDDE70D-0FCC-47C1-A307-3FB32F26A908}.Release|Any CPU.ActiveCfg = Release|Any CPU
		{1EDDE70D-0FCC-47C1-A307-3FB32F26A908}.Release|Any CPU.Build.0 = Release|Any CPU
		{AB27581E-7E03-495C-AEEE-D1C12D349608}.Debug|Any CPU.ActiveCfg = Debug|Any CPU
		{AB27581E-7E03-495C-AEEE-D1C12D349608}.Debug|Any CPU.Build.0 = Debug|Any CPU
		{AB27581E-7E03-495C-AEEE-D1C12D349608}.Release|Any CPU.ActiveCfg = Release|Any CPU
		{AB27581E-7E03-495C-AEEE-D1C12D349608}.Release|Any CPU.Build.0 = Release|Any CPU
		{9CA4A9DB-4D0C-4513-9E40-9B5150BC2E69}.Debug|Any CPU.ActiveCfg = Debug|Any CPU
		{9CA4A9DB-4D0C-4513-9E40-9B5150BC2E69}.Debug|Any CPU.Build.0 = Debug|Any CPU
		{9CA4A9DB-4D0C-4513-9E40-9B5150BC2E69}.Release|Any CPU.ActiveCfg = Release|Any CPU
		{9CA4A9DB-4D0C-4513-9E40-9B5150BC2E69}.Release|Any CPU.Build.0 = Release|Any CPU
	EndGlobalSection
	GlobalSection(SolutionProperties) = preSolution
		HideSolutionNode = FALSE
	EndGlobalSection
	GlobalSection(NestedProjects) = preSolution
		{3527BEA2-E1EB-44AA-AE1D-8C5DF9CE75BE} = {A3267BA8-AACF-4B29-8EC4-52E4768CD4FA}
		{46C57C62-F32A-4A1A-8282-5565834D05FF} = {3DFE818B-166F-4497-8913-4546B552DBB8}
		{892FB36A-EDE1-4CE0-920A-D03D9BF9DBAC} = {3DFE818B-166F-4497-8913-4546B552DBB8}
		{1EDDE70D-0FCC-47C1-A307-3FB32F26A908} = {A3267BA8-AACF-4B29-8EC4-52E4768CD4FA}
		{AB27581E-7E03-495C-AEEE-D1C12D349608} = {A3267BA8-AACF-4B29-8EC4-52E4768CD4FA}
		{9CA4A9DB-4D0C-4513-9E40-9B5150BC2E69} = {6E541376-3A2A-4F26-AC0F-773474D12A22}
	EndGlobalSection
	GlobalSection(ExtensibilityGlobals) = postSolution
		SolutionGuid = {8443410F-B6C8-40FF-BF0B-79760DFA7D57}
	EndGlobalSection
EndGlobal
